
Microsoft Visual Studio Solution File, Format Version 12.00
# Visual Studio Version 16
VisualStudioVersion = 16.0.30611.23
MinimumVisualStudioVersion = 10.0.40219.1
Project("{FAE04EC0-301F-11D3-BF4B-00C04F79EFBC}") = "UI_Desktop", "UI_Desktop.csproj", "{A4131680-ED24-4F1F-B5B5-9A40BA862B27}"
EndProject
Global
	GlobalSection(SolutionConfigurationPlatforms) = preSolution
		Debug|Any CPU = Debug|Any CPU
		Release|Any CPU = Release|Any CPU
	EndGlobalSection
	GlobalSection(ProjectConfigurationPlatforms) = postSolution
		{A4131680-ED24-4F1F-B5B5-9A40BA862B27}.Debug|Any CPU.ActiveCfg = Debug|Any CPU
		{A4131680-ED24-4F1F-B5B5-9A40BA862B27}.Debug|Any CPU.Build.0 = Debug|Any CPU
		{A4131680-ED24-4F1F-B5B5-9A40BA862B27}.Release|Any CPU.ActiveCfg = Release|Any CPU
		{A4131680-ED24-4F1F-B5B5-9A40BA862B27}.Release|Any CPU.Build.0 = Release|Any CPU
	EndGlobalSection
	GlobalSection(SolutionProperties) = preSolution
		HideSolutionNode = FALSE
	EndGlobalSection
	GlobalSection(ExtensibilityGlobals) = postSolution
		SolutionGuid = {7BA77AAF-0C52-4857-AE1B-A4E68EEC8D42}
	EndGlobalSection
EndGlobal
